
Microsoft Visual Studio Solution File, Format Version 12.00
# Visual Studio Version 17
VisualStudioVersion = 17.9.34607.119
MinimumVisualStudioVersion = 10.0.40219.1
Project("{FAE04EC0-301F-11D3-BF4B-00C04F79EFBC}") = "Helpdesk", "Helpdesk\Helpdesk.csproj", "{BC08204E-0DAA-4280-ABD5-E37B5345B41B}"
EndProject
Global
	GlobalSection(SolutionConfigurationPlatforms) = preSolution
		Debug|Any CPU = Debug|Any CPU
		Release|Any CPU = Release|Any CPU
	EndGlobalSection
	GlobalSection(ProjectConfigurationPlatforms) = postSolution
		{BC08204E-0DAA-4280-ABD5-E37B5345B41B}.Debug|Any CPU.ActiveCfg = Debug|Any CPU
		{BC08204E-0DAA-4280-ABD5-E37B5345B41B}.Debug|Any CPU.Build.0 = Debug|Any CPU
		{BC08204E-0DAA-4280-ABD5-E37B5345B41B}.Release|Any CPU.ActiveCfg = Release|Any CPU
		{BC08204E-0DAA-4280-ABD5-E37B5345B41B}.Release|Any CPU.Build.0 = Release|Any CPU
	EndGlobalSection
	GlobalSection(SolutionProperties) = preSolution
		HideSolutionNode = FALSE
	EndGlobalSection
	GlobalSection(ExtensibilityGlobals) = postSolution
		SolutionGuid = {A33828AF-13DD-40C4-8706-478B8BC8F2BD}
	EndGlobalSection
EndGlobal
